
Microsoft Visual Studio Solution File, Format Version 12.00
# Visual Studio 15
VisualStudioVersion = 15.0.28010.2041
MinimumVisualStudioVersion = 10.0.40219.1
Project("{FAE04EC0-301F-11D3-BF4B-00C04F79EFBC}") = "IEvangelist.DotNet.Miglifier", "IEvangelist.DotNet.Miglifier\IEvangelist.DotNet.Miglifier.csproj", "{E1A1F1F4-2345-470B-BB0D-256E23877CCD}"
EndProject
Global
	GlobalSection(SolutionConfigurationPlatforms) = preSolution
		Debug|Any CPU = Debug|Any CPU
		Release|Any CPU = Release|Any CPU
	EndGlobalSection
	GlobalSection(ProjectConfigurationPlatforms) = postSolution
		{E1A1F1F4-2345-470B-BB0D-256E23877CCD}.Debug|Any CPU.ActiveCfg = Debug|Any CPU
		{E1A1F1F4-2345-470B-BB0D-256E23877CCD}.Debug|Any CPU.Build.0 = Debug|Any CPU
		{E1A1F1F4-2345-470B-BB0D-256E23877CCD}.Release|Any CPU.ActiveCfg = Release|Any CPU
		{E1A1F1F4-2345-470B-BB0D-256E23877CCD}.Release|Any CPU.Build.0 = Release|Any CPU
	EndGlobalSection
	GlobalSection(SolutionProperties) = preSolution
		HideSolutionNode = FALSE
	EndGlobalSection
	GlobalSection(ExtensibilityGlobals) = postSolution
		SolutionGuid = {E6881027-2859-4DDE-B3EB-691DA427E1A0}
	EndGlobalSection
EndGlobal
